
Microsoft Visual Studio Solution File, Format Version 12.00
Project("{FAE04EC0-301F-11D3-BF4B-00C04F79EFBC}") = "APBD_03", "APBD_03\APBD_03.csproj", "{C5D883A8-2CD7-4139-B21A-D48D431549CB}"
EndProject
Global
	GlobalSection(SolutionConfigurationPlatforms) = preSolution
		Debug|Any CPU = Debug|Any CPU
		Release|Any CPU = Release|Any CPU
	EndGlobalSection
	GlobalSection(ProjectConfigurationPlatforms) = postSolution
		{C5D883A8-2CD7-4139-B21A-D48D431549CB}.Debug|Any CPU.ActiveCfg = Debug|Any CPU
		{C5D883A8-2CD7-4139-B21A-D48D431549CB}.Debug|Any CPU.Build.0 = Debug|Any CPU
		{C5D883A8-2CD7-4139-B21A-D48D431549CB}.Release|Any CPU.ActiveCfg = Release|Any CPU
		{C5D883A8-2CD7-4139-B21A-D48D431549CB}.Release|Any CPU.Build.0 = Release|Any CPU
	EndGlobalSection
EndGlobal
